// !$*UTF8*$!
{
	archiveVersion = 1;
	classes = {
	};
	objectVersion = 56;
	objects = {

/* Begin PBXBuildFile section */
		8F4E51112F42100100C0D3C1 /* Assets.xcassets in Resources */ = {isa = PBXBuildFile; fileRef = 8F4E51102F42100100C0D3C1 /* Assets.xcassets */; };
		8F4E51212F42100100C0D3C1 /* ChatAutoScrollState.swift in Sources */ = {isa = PBXBuildFile; fileRef = 8F4E51202F42100100C0D3C1 /* ChatAutoScrollState.swift */; };
		8F4E51002F41000100C0D3C1 /* CodexPhoneApp.swift in Sources */ = {isa = PBXBuildFile; fileRef = 8F4E50FF2F41000100C0D3C1 /* CodexPhoneApp.swift */; };
		8F4E52012F43000100C0D3C1 /* RemoteDesktopModels.swift in Sources */ = {isa = PBXBuildFile; fileRef = 8F4E52002F43000100C0D3C1 /* RemoteDesktopModels.swift */; };
		8F4E52032F43000100C0D3C1 /* RemoteDesktopTests.swift in Sources */ = {isa = PBXBuildFile; fileRef = 8F4E52022F43000100C0D3C1 /* RemoteDesktopTests.swift */; };
		8F4E52052F43000100C0D3C1 /* WebRTC in Frameworks */ = {isa = PBXBuildFile; productRef = 8F4E52042F43000100C0D3C1 /* WebRTC */; };
		8F4E53012F44000100C0D3C1 /* RemoteDeviceIdentity.swift in Sources */ = {isa = PBXBuildFile; fileRef = 8F4E53002F44000100C0D3C1 /* RemoteDeviceIdentity.swift */; };
		8F4E53032F44000100C0D3C1 /* RemoteDesktopAPI.swift in Sources */ = {isa = PBXBuildFile; fileRef = 8F4E53022F44000100C0D3C1 /* RemoteDesktopAPI.swift */; };
		8F4E53052F44000100C0D3C1 /* RemotePairingView.swift in Sources */ = {isa = PBXBuildFile; fileRef = 8F4E53042F44000100C0D3C1 /* RemotePairingView.swift */; };
		8F4E53112F45000100C0D3C1 /* RemoteInputMapper.swift in Sources */ = {isa = PBXBuildFile; fileRef = 8F4E53102F45000100C0D3C1 /* RemoteInputMapper.swift */; };
		8F4E53132F45000100C0D3C1 /* RemoteDesktopSession.swift in Sources */ = {isa = PBXBuildFile; fileRef = 8F4E53122F45000100C0D3C1 /* RemoteDesktopSession.swift */; };
		8F4E53152F45000100C0D3C1 /* RemotePeerConnection.swift in Sources */ = {isa = PBXBuildFile; fileRef = 8F4E53142F45000100C0D3C1 /* RemotePeerConnection.swift */; };
		8F4E53172F45000100C0D3C1 /* RemoteControlBar.swift in Sources */ = {isa = PBXBuildFile; fileRef = 8F4E53162F45000100C0D3C1 /* RemoteControlBar.swift */; };
		8F4E53192F45000100C0D3C1 /* RemoteDesktopView.swift in Sources */ = {isa = PBXBuildFile; fileRef = 8F4E53182F45000100C0D3C1 /* RemoteDesktopView.swift */; };
		8F4E53212F46000100C0D3C1 /* RemoteViewport.swift in Sources */ = {isa = PBXBuildFile; fileRef = 8F4E53202F46000100C0D3C1 /* RemoteViewport.swift */; };
/* End PBXBuildFile section */

/* Begin PBXContainerItemProxy section */
		8F4E520D2F43000100C0D3C1 /* PBXContainerItemProxy */ = {
			isa = PBXContainerItemProxy;
			containerPortal = 8F4E50F82F41000100C0D3C1 /* Project object */;
			proxyType = 1;
			remoteGlobalIDString = 8F4E50FA2F41000100C0D3C1;
			remoteInfo = CodexPhone;
		};
/* End PBXContainerItemProxy section */

/* Begin PBXFileReference section */
		8F4E51202F42100100C0D3C1 /* ChatAutoScrollState.swift */ = {isa = PBXFileReference; lastKnownFileType = sourcecode.swift; path = ChatAutoScrollState.swift; sourceTree = "<group>"; };
		8F4E51222F42100100C0D3C1 /* CodexPhone.entitlements */ = {isa = PBXFileReference; lastKnownFileType = text.plist.entitlements; path = CodexPhone.entitlements; sourceTree = "<group>"; };
		8F4E50FF2F41000100C0D3C1 /* CodexPhoneApp.swift */ = {isa = PBXFileReference; lastKnownFileType = sourcecode.swift; path = CodexPhoneApp.swift; sourceTree = "<group>"; };
		8F4E51012F41000100C0D3C1 /* CodexPhone.app */ = {isa = PBXFileReference; explicitFileType = wrapper.application; includeInIndex = 0; path = CodexPhone.app; sourceTree = BUILT_PRODUCTS_DIR; };
		8F4E51102F42100100C0D3C1 /* Assets.xcassets */ = {isa = PBXFileReference; lastKnownFileType = folder.assetcatalog; path = Assets.xcassets; sourceTree = "<group>"; };
		8F4E52002F43000100C0D3C1 /* RemoteDesktopModels.swift */ = {isa = PBXFileReference; lastKnownFileType = sourcecode.swift; path = RemoteDesktopModels.swift; sourceTree = "<group>"; };
		8F4E52022F43000100C0D3C1 /* RemoteDesktopTests.swift */ = {isa = PBXFileReference; lastKnownFileType = sourcecode.swift; path = RemoteDesktopTests.swift; sourceTree = "<group>"; };
		8F4E52062F43000100C0D3C1 /* CodexPhoneTests.xctest */ = {isa = PBXFileReference; explicitFileType = wrapper.cfbundle; includeInIndex = 0; path = CodexPhoneTests.xctest; sourceTree = BUILT_PRODUCTS_DIR; };
		8F4E53002F44000100C0D3C1 /* RemoteDeviceIdentity.swift */ = {isa = PBXFileReference; lastKnownFileType = sourcecode.swift; path = RemoteDeviceIdentity.swift; sourceTree = "<group>"; };
		8F4E53022F44000100C0D3C1 /* RemoteDesktopAPI.swift */ = {isa = PBXFileReference; lastKnownFileType = sourcecode.swift; path = RemoteDesktopAPI.swift; sourceTree = "<group>"; };
		8F4E53042F44000100C0D3C1 /* RemotePairingView.swift */ = {isa = PBXFileReference; lastKnownFileType = sourcecode.swift; path = RemotePairingView.swift; sourceTree = "<group>"; };
		8F4E53102F45000100C0D3C1 /* RemoteInputMapper.swift */ = {isa = PBXFileReference; lastKnownFileType = sourcecode.swift; path = RemoteInputMapper.swift; sourceTree = "<group>"; };
		8F4E53122F45000100C0D3C1 /* RemoteDesktopSession.swift */ = {isa = PBXFileReference; lastKnownFileType = sourcecode.swift; path = RemoteDesktopSession.swift; sourceTree = "<group>"; };
		8F4E53142F45000100C0D3C1 /* RemotePeerConnection.swift */ = {isa = PBXFileReference; lastKnownFileType = sourcecode.swift; path = RemotePeerConnection.swift; sourceTree = "<group>"; };
		8F4E53162F45000100C0D3C1 /* RemoteControlBar.swift */ = {isa = PBXFileReference; lastKnownFileType = sourcecode.swift; path = RemoteControlBar.swift; sourceTree = "<group>"; };
		8F4E53182F45000100C0D3C1 /* RemoteDesktopView.swift */ = {isa = PBXFileReference; lastKnownFileType = sourcecode.swift; path = RemoteDesktopView.swift; sourceTree = "<group>"; };
		8F4E53202F46000100C0D3C1 /* RemoteViewport.swift */ = {isa = PBXFileReference; lastKnownFileType = sourcecode.swift; path = RemoteViewport.swift; sourceTree = "<group>"; };
/* End PBXFileReference section */

/* Begin PBXFrameworksBuildPhase section */
		8F4E50FC2F41000100C0D3C1 /* Frameworks */ = {
			isa = PBXFrameworksBuildPhase;
			buildActionMask = 2147483647;
			files = (
				8F4E52052F43000100C0D3C1 /* WebRTC in Frameworks */,
			);
			runOnlyForDeploymentPostprocessing = 0;
		};
		8F4E52082F43000100C0D3C1 /* Frameworks */ = {
			isa = PBXFrameworksBuildPhase;
			buildActionMask = 2147483647;
			files = (
			);
			runOnlyForDeploymentPostprocessing = 0;
		};
/* End PBXFrameworksBuildPhase section */

/* Begin PBXGroup section */
		8F4E50F72F41000100C0D3C1 = {
			isa = PBXGroup;
			children = (
				8F4E50FE2F41000100C0D3C1 /* CodexPhone */,
				8F4E52092F43000100C0D3C1 /* CodexPhoneTests */,
				8F4E50FD2F41000100C0D3C1 /* Products */,
			);
			sourceTree = "<group>";
		};
		8F4E50FD2F41000100C0D3C1 /* Products */ = {
			isa = PBXGroup;
			children = (
				8F4E51012F41000100C0D3C1 /* CodexPhone.app */,
				8F4E52062F43000100C0D3C1 /* CodexPhoneTests.xctest */,
			);
			name = Products;
			sourceTree = "<group>";
		};
		8F4E50FE2F41000100C0D3C1 /* CodexPhone */ = {
			isa = PBXGroup;
			children = (
				8F4E50FF2F41000100C0D3C1 /* CodexPhoneApp.swift */,
				8F4E51202F42100100C0D3C1 /* ChatAutoScrollState.swift */,
				8F4E520A2F43000100C0D3C1 /* RemoteDesktop */,
				8F4E51222F42100100C0D3C1 /* CodexPhone.entitlements */,
				8F4E51102F42100100C0D3C1 /* Assets.xcassets */,
			);
			path = CodexPhone;
			sourceTree = "<group>";
		};
		8F4E52092F43000100C0D3C1 /* CodexPhoneTests */ = {
			isa = PBXGroup;
			children = (
				8F4E52022F43000100C0D3C1 /* RemoteDesktopTests.swift */,
			);
			path = CodexPhoneTests;
			sourceTree = "<group>";
		};
		8F4E520A2F43000100C0D3C1 /* RemoteDesktop */ = {
			isa = PBXGroup;
			children = (
				8F4E52002F43000100C0D3C1 /* RemoteDesktopModels.swift */,
				8F4E53002F44000100C0D3C1 /* RemoteDeviceIdentity.swift */,
				8F4E53022F44000100C0D3C1 /* RemoteDesktopAPI.swift */,
				8F4E53042F44000100C0D3C1 /* RemotePairingView.swift */,
				8F4E53102F45000100C0D3C1 /* RemoteInputMapper.swift */,
				8F4E53122F45000100C0D3C1 /* RemoteDesktopSession.swift */,
				8F4E53142F45000100C0D3C1 /* RemotePeerConnection.swift */,
				8F4E53162F45000100C0D3C1 /* RemoteControlBar.swift */,
				8F4E53182F45000100C0D3C1 /* RemoteDesktopView.swift */,
				8F4E53202F46000100C0D3C1 /* RemoteViewport.swift */,
			);
			path = RemoteDesktop;
			sourceTree = "<group>";
		};
/* End PBXGroup section */

/* Begin PBXNativeTarget section */
		8F4E50FA2F41000100C0D3C1 /* CodexPhone */ = {
			isa = PBXNativeTarget;
			buildConfigurationList = 8F4E51082F41000100C0D3C1 /* Build configuration list for PBXNativeTarget "CodexPhone" */;
			buildPhases = (
				8F4E50FB2F41000100C0D3C1 /* Sources */,
				8F4E50FC2F41000100C0D3C1 /* Frameworks */,
				8F4E51022F41000100C0D3C1 /* Resources */,
			);
			buildRules = (
			);
			dependencies = (
			);
			name = CodexPhone;
			packageProductDependencies = (
				8F4E52042F43000100C0D3C1 /* WebRTC */,
			);
			productName = CodexPhone;
			productReference = 8F4E51012F41000100C0D3C1 /* CodexPhone.app */;
			productType = "com.apple.product-type.application";
		};
		8F4E52072F43000100C0D3C1 /* CodexPhoneTests */ = {
			isa = PBXNativeTarget;
			buildConfigurationList = 8F4E52122F43000100C0D3C1 /* Build configuration list for PBXNativeTarget "CodexPhoneTests" */;
			buildPhases = (
				8F4E520B2F43000100C0D3C1 /* Sources */,
				8F4E52082F43000100C0D3C1 /* Frameworks */,
				8F4E520C2F43000100C0D3C1 /* Resources */,
			);
			buildRules = (
			);
			dependencies = (
				8F4E520E2F43000100C0D3C1 /* PBXTargetDependency */,
			);
			name = CodexPhoneTests;
			productName = CodexPhoneTests;
			productReference = 8F4E52062F43000100C0D3C1 /* CodexPhoneTests.xctest */;
			productType = "com.apple.product-type.bundle.unit-test";
		};
/* End PBXNativeTarget section */

/* Begin PBXProject section */
		8F4E50F82F41000100C0D3C1 /* Project object */ = {
			isa = PBXProject;
			attributes = {
				BuildIndependentTargetsInParallel = 1;
				LastSwiftUpdateCheck = 2600;
				LastUpgradeCheck = 2600;
				TargetAttributes = {
					8F4E50FA2F41000100C0D3C1 = {
						CreatedOnToolsVersion = 26.0;
					};
				};
			};
			buildConfigurationList = 8F4E50F92F41000100C0D3C1 /* Build configuration list for PBXProject "CodexPhone" */;
			compatibilityVersion = "Xcode 15.0";
			developmentRegion = en;
			hasScannedForEncodings = 0;
			knownRegions = (
				en,
				Base,
			);
			mainGroup = 8F4E50F72F41000100C0D3C1;
			packageReferences = (
				8F4E520F2F43000100C0D3C1 /* XCRemoteSwiftPackageReference "WebRTC" */,
			);
			productRefGroup = 8F4E50FD2F41000100C0D3C1 /* Products */;
			projectDirPath = "";
			projectRoot = "";
			targets = (
				8F4E50FA2F41000100C0D3C1 /* CodexPhone */,
				8F4E52072F43000100C0D3C1 /* CodexPhoneTests */,
			);
		};
/* End PBXProject section */

/* Begin PBXResourcesBuildPhase section */
		8F4E51022F41000100C0D3C1 /* Resources */ = {
			isa = PBXResourcesBuildPhase;
			buildActionMask = 2147483647;
			files = (
				8F4E51112F42100100C0D3C1 /* Assets.xcassets in Resources */,
			);
			runOnlyForDeploymentPostprocessing = 0;
		};
		8F4E520C2F43000100C0D3C1 /* Resources */ = {
			isa = PBXResourcesBuildPhase;
			buildActionMask = 2147483647;
			files = (
			);
			runOnlyForDeploymentPostprocessing = 0;
		};
/* End PBXResourcesBuildPhase section */

/* Begin PBXSourcesBuildPhase section */
		8F4E50FB2F41000100C0D3C1 /* Sources */ = {
			isa = PBXSourcesBuildPhase;
			buildActionMask = 2147483647;
				files = (
					8F4E51212F42100100C0D3C1 /* ChatAutoScrollState.swift in Sources */,
					8F4E51002F41000100C0D3C1 /* CodexPhoneApp.swift in Sources */,
					8F4E53032F44000100C0D3C1 /* RemoteDesktopAPI.swift in Sources */,
					8F4E53012F44000100C0D3C1 /* RemoteDeviceIdentity.swift in Sources */,
					8F4E53132F45000100C0D3C1 /* RemoteDesktopSession.swift in Sources */,
					8F4E53112F45000100C0D3C1 /* RemoteInputMapper.swift in Sources */,
					8F4E52012F43000100C0D3C1 /* RemoteDesktopModels.swift in Sources */,
					8F4E53152F45000100C0D3C1 /* RemotePeerConnection.swift in Sources */,
					8F4E53172F45000100C0D3C1 /* RemoteControlBar.swift in Sources */,
					8F4E53192F45000100C0D3C1 /* RemoteDesktopView.swift in Sources */,
					8F4E53212F46000100C0D3C1 /* RemoteViewport.swift in Sources */,
					8F4E53052F44000100C0D3C1 /* RemotePairingView.swift in Sources */,
				);
			runOnlyForDeploymentPostprocessing = 0;
		};
		8F4E520B2F43000100C0D3C1 /* Sources */ = {
			isa = PBXSourcesBuildPhase;
			buildActionMask = 2147483647;
			files = (
				8F4E52032F43000100C0D3C1 /* RemoteDesktopTests.swift in Sources */,
			);
			runOnlyForDeploymentPostprocessing = 0;
		};
/* End PBXSourcesBuildPhase section */

/* Begin PBXTargetDependency section */
		8F4E520E2F43000100C0D3C1 /* PBXTargetDependency */ = {
			isa = PBXTargetDependency;
			target = 8F4E50FA2F41000100C0D3C1 /* CodexPhone */;
			targetProxy = 8F4E520D2F43000100C0D3C1 /* PBXContainerItemProxy */;
		};
/* End PBXTargetDependency section */

/* Begin XCBuildConfiguration section */
		8F4E51042F41000100C0D3C1 /* Debug */ = {
			isa = XCBuildConfiguration;
			buildSettings = {
				ALWAYS_SEARCH_USER_PATHS = NO;
				CLANG_ANALYZER_NONNULL = YES;
				CLANG_ANALYZER_NUMBER_OBJECT_CONVERSION = YES_AGGRESSIVE;
				CLANG_CXX_LANGUAGE_STANDARD = "gnu++20";
				CLANG_ENABLE_MODULES = YES;
				CLANG_ENABLE_OBJC_ARC = YES;
				CLANG_ENABLE_OBJC_WEAK = YES;
				CLANG_WARN_BLOCK_CAPTURE_AUTORELEASING = YES;
				CLANG_WARN_BOOL_CONVERSION = YES;
				CLANG_WARN_COMMA = YES;
				CLANG_WARN_CONSTANT_CONVERSION = YES;
				CLANG_WARN_DEPRECATED_OBJC_IMPLEMENTATIONS = YES;
				CLANG_WARN_DIRECT_OBJC_ISA_USAGE = YES_ERROR;
				CLANG_WARN_DOCUMENTATION_COMMENTS = YES;
				CLANG_WARN_EMPTY_BODY = YES;
				CLANG_WARN_ENUM_CONVERSION = YES;
				CLANG_WARN_INFINITE_RECURSION = YES;
				CLANG_WARN_INT_CONVERSION = YES;
				CLANG_WARN_NON_LITERAL_NULL_CONVERSION = YES;
				CLANG_WARN_OBJC_IMPLICIT_RETAIN_SELF = YES;
				CLANG_WARN_OBJC_LITERAL_CONVERSION = YES;
				CLANG_WARN_OBJC_ROOT_CLASS = YES_ERROR;
				CLANG_WARN_QUOTED_INCLUDE_IN_FRAMEWORK_HEADER = YES;
				CLANG_WARN_RANGE_LOOP_ANALYSIS = YES;
				CLANG_WARN_STRICT_PROTOTYPES = YES;
				CLANG_WARN_SUSPICIOUS_MOVE = YES;
				CLANG_WARN_UNGUARDED_AVAILABILITY = YES_AGGRESSIVE;
				CLANG_WARN_UNREACHABLE_CODE = YES;
				CLANG_WARN__DUPLICATE_METHOD_MATCH = YES;
				COPY_PHASE_STRIP = NO;
				DEBUG_INFORMATION_FORMAT = dwarf;
				ENABLE_STRICT_OBJC_MSGSEND = YES;
				ENABLE_TESTABILITY = YES;
				ENABLE_USER_SCRIPT_SANDBOXING = YES;
				GCC_C_LANGUAGE_STANDARD = gnu17;
				GCC_DYNAMIC_NO_PIC = NO;
				GCC_NO_COMMON_BLOCKS = YES;
				GCC_OPTIMIZATION_LEVEL = 0;
				GCC_PREPROCESSOR_DEFINITIONS = (
					"DEBUG=1",
					"$(inherited)",
				);
				GCC_WARN_64_TO_32_BIT_CONVERSION = YES;
				GCC_WARN_ABOUT_RETURN_TYPE = YES_ERROR;
				GCC_WARN_UNDECLARED_SELECTOR = YES;
				GCC_WARN_UNINITIALIZED_AUTOS = YES_AGGRESSIVE;
				GCC_WARN_UNUSED_FUNCTION = YES;
				GCC_WARN_UNUSED_VARIABLE = YES;
				IPHONEOS_DEPLOYMENT_TARGET = 17.0;
				MTL_ENABLE_DEBUG_INFO = INCLUDE_SOURCE;
				MTL_FAST_MATH = YES;
				ONLY_ACTIVE_ARCH = YES;
				SDKROOT = iphoneos;
				SWIFT_ACTIVE_COMPILATION_CONDITIONS = DEBUG;
				SWIFT_OPTIMIZATION_LEVEL = "-Onone";
			};
			name = Debug;
		};
		8F4E51052F41000100C0D3C1 /* Release */ = {
			isa = XCBuildConfiguration;
			buildSettings = {
				ALWAYS_SEARCH_USER_PATHS = NO;
				CLANG_ANALYZER_NONNULL = YES;
				CLANG_ANALYZER_NUMBER_OBJECT_CONVERSION = YES_AGGRESSIVE;
				CLANG_CXX_LANGUAGE_STANDARD = "gnu++20";
				CLANG_ENABLE_MODULES = YES;
				CLANG_ENABLE_OBJC_ARC = YES;
				CLANG_ENABLE_OBJC_WEAK = YES;
				CLANG_WARN_BLOCK_CAPTURE_AUTORELEASING = YES;
				CLANG_WARN_BOOL_CONVERSION = YES;
				CLANG_WARN_COMMA = YES;
				CLANG_WARN_CONSTANT_CONVERSION = YES;
				CLANG_WARN_DEPRECATED_OBJC_IMPLEMENTATIONS = YES;
				CLANG_WARN_DIRECT_OBJC_ISA_USAGE = YES_ERROR;
				CLANG_WARN_DOCUMENTATION_COMMENTS = YES;
				CLANG_WARN_EMPTY_BODY = YES;
				CLANG_WARN_ENUM_CONVERSION = YES;
				CLANG_WARN_INFINITE_RECURSION = YES;
				CLANG_WARN_INT_CONVERSION = YES;
				CLANG_WARN_NON_LITERAL_NULL_CONVERSION = YES;
				CLANG_WARN_OBJC_IMPLICIT_RETAIN_SELF = YES;
				CLANG_WARN_OBJC_LITERAL_CONVERSION = YES;
				CLANG_WARN_OBJC_ROOT_CLASS = YES_ERROR;
				CLANG_WARN_QUOTED_INCLUDE_IN_FRAMEWORK_HEADER = YES;
				CLANG_WARN_RANGE_LOOP_ANALYSIS = YES;
				CLANG_WARN_STRICT_PROTOTYPES = YES;
				CLANG_WARN_SUSPICIOUS_MOVE = YES;
				CLANG_WARN_UNGUARDED_AVAILABILITY = YES_AGGRESSIVE;
				CLANG_WARN_UNREACHABLE_CODE = YES;
				CLANG_WARN__DUPLICATE_METHOD_MATCH = YES;
				COPY_PHASE_STRIP = NO;
				DEBUG_INFORMATION_FORMAT = "dwarf-with-dsym";
				ENABLE_NS_ASSERTIONS = NO;
				ENABLE_STRICT_OBJC_MSGSEND = YES;
				ENABLE_USER_SCRIPT_SANDBOXING = YES;
				GCC_C_LANGUAGE_STANDARD = gnu17;
				GCC_NO_COMMON_BLOCKS = YES;
				GCC_WARN_64_TO_32_BIT_CONVERSION = YES;
				GCC_WARN_ABOUT_RETURN_TYPE = YES_ERROR;
				GCC_WARN_UNDECLARED_SELECTOR = YES;
				GCC_WARN_UNINITIALIZED_AUTOS = YES_AGGRESSIVE;
				GCC_WARN_UNUSED_FUNCTION = YES;
				GCC_WARN_UNUSED_VARIABLE = YES;
				IPHONEOS_DEPLOYMENT_TARGET = 17.0;
				MTL_ENABLE_DEBUG_INFO = NO;
				MTL_FAST_MATH = YES;
				SDKROOT = iphoneos;
				SWIFT_COMPILATION_MODE = wholemodule;
				VALIDATE_PRODUCT = YES;
			};
			name = Release;
		};
		8F4E51062F41000100C0D3C1 /* Debug */ = {
			isa = XCBuildConfiguration;
			buildSettings = {
				ASSETCATALOG_COMPILER_APPICON_NAME = AppIcon;
				ASSETCATALOG_COMPILER_GLOBAL_ACCENT_COLOR_NAME = AccentColor;
				APS_ENVIRONMENT = development;
				CODE_SIGN_ENTITLEMENTS = CodexPhone/CodexPhone.entitlements;
				CODE_SIGN_STYLE = Automatic;
				CURRENT_PROJECT_VERSION = 202606211214;
				DEVELOPMENT_TEAM = "";
				ENABLE_PREVIEWS = YES;
				GENERATE_INFOPLIST_FILE = YES;
				INFOPLIST_KEY_CFBundleDisplayName = CodePilot;
				INFOPLIST_KEY_CodexPhoneAPNSEnvironment = "$(APS_ENVIRONMENT)";
				INFOPLIST_KEY_LSApplicationCategoryType = "public.app-category.developer-tools";
				INFOPLIST_KEY_UIApplicationSceneManifest_Generation = YES;
				INFOPLIST_KEY_UIApplicationSupportsIndirectInputEvents = YES;
				INFOPLIST_KEY_UILaunchScreen_Generation = YES;
				IPHONEOS_DEPLOYMENT_TARGET = 17.0;
				LD_RUNPATH_SEARCH_PATHS = (
					"$(inherited)",
					"@executable_path/Frameworks",
				);
				MARKETING_VERSION = 0.1;
				PRODUCT_BUNDLE_IDENTIFIER = io.codepilot.iOS;
				PRODUCT_NAME = "$(TARGET_NAME)";
				SWIFT_EMIT_LOC_STRINGS = YES;
				SWIFT_VERSION = 5.0;
				TARGETED_DEVICE_FAMILY = 1;
			};
			name = Debug;
		};
		8F4E51072F41000100C0D3C1 /* Release */ = {
			isa = XCBuildConfiguration;
			buildSettings = {
				ASSETCATALOG_COMPILER_APPICON_NAME = AppIcon;
				ASSETCATALOG_COMPILER_GLOBAL_ACCENT_COLOR_NAME = AccentColor;
				APS_ENVIRONMENT = production;
				CODE_SIGN_ENTITLEMENTS = CodexPhone/CodexPhone.entitlements;
				CODE_SIGN_STYLE = Automatic;
				CURRENT_PROJECT_VERSION = 202606211214;
				DEVELOPMENT_TEAM = "";
				ENABLE_PREVIEWS = YES;
				GENERATE_INFOPLIST_FILE = YES;
				INFOPLIST_KEY_CFBundleDisplayName = CodePilot;
				INFOPLIST_KEY_CodexPhoneAPNSEnvironment = "$(APS_ENVIRONMENT)";
				INFOPLIST_KEY_LSApplicationCategoryType = "public.app-category.developer-tools";
				INFOPLIST_KEY_UIApplicationSceneManifest_Generation = YES;
				INFOPLIST_KEY_UIApplicationSupportsIndirectInputEvents = YES;
				INFOPLIST_KEY_UILaunchScreen_Generation = YES;
				IPHONEOS_DEPLOYMENT_TARGET = 17.0;
				LD_RUNPATH_SEARCH_PATHS = (
					"$(inherited)",
					"@executable_path/Frameworks",
				);
				MARKETING_VERSION = 0.1;
				PRODUCT_BUNDLE_IDENTIFIER = io.codepilot.iOS;
				PRODUCT_NAME = "$(TARGET_NAME)";
				SWIFT_EMIT_LOC_STRINGS = YES;
				SWIFT_VERSION = 5.0;
				TARGETED_DEVICE_FAMILY = 1;
			};
			name = Release;
		};
		8F4E52102F43000100C0D3C1 /* Debug */ = {
			isa = XCBuildConfiguration;
			buildSettings = {
				BUNDLE_LOADER = "$(TEST_HOST)";
				CODE_SIGN_STYLE = Automatic;
				GENERATE_INFOPLIST_FILE = YES;
				IPHONEOS_DEPLOYMENT_TARGET = 17.0;
				PRODUCT_BUNDLE_IDENTIFIER = io.codepilot.iOS.tests;
				PRODUCT_NAME = "$(TARGET_NAME)";
				SWIFT_VERSION = 5.0;
				TARGETED_DEVICE_FAMILY = 1;
				TEST_HOST = "$(BUILT_PRODUCTS_DIR)/CodexPhone.app/$(BUNDLE_EXECUTABLE_FOLDER_PATH)/CodexPhone";
			};
			name = Debug;
		};
		8F4E52112F43000100C0D3C1 /* Release */ = {
			isa = XCBuildConfiguration;
			buildSettings = {
				BUNDLE_LOADER = "$(TEST_HOST)";
				CODE_SIGN_STYLE = Automatic;
				GENERATE_INFOPLIST_FILE = YES;
				IPHONEOS_DEPLOYMENT_TARGET = 17.0;
				PRODUCT_BUNDLE_IDENTIFIER = io.codepilot.iOS.tests;
				PRODUCT_NAME = "$(TARGET_NAME)";
				SWIFT_VERSION = 5.0;
				TARGETED_DEVICE_FAMILY = 1;
				TEST_HOST = "$(BUILT_PRODUCTS_DIR)/CodexPhone.app/$(BUNDLE_EXECUTABLE_FOLDER_PATH)/CodexPhone";
			};
			name = Release;
		};
/* End XCBuildConfiguration section */

/* Begin XCConfigurationList section */
		8F4E50F92F41000100C0D3C1 /* Build configuration list for PBXProject "CodexPhone" */ = {
			isa = XCConfigurationList;
			buildConfigurations = (
				8F4E51042F41000100C0D3C1 /* Debug */,
				8F4E51052F41000100C0D3C1 /* Release */,
			);
			defaultConfigurationIsVisible = 0;
			defaultConfigurationName = Release;
		};
		8F4E51082F41000100C0D3C1 /* Build configuration list for PBXNativeTarget "CodexPhone" */ = {
			isa = XCConfigurationList;
			buildConfigurations = (
				8F4E51062F41000100C0D3C1 /* Debug */,
				8F4E51072F41000100C0D3C1 /* Release */,
			);
			defaultConfigurationIsVisible = 0;
			defaultConfigurationName = Release;
		};
		8F4E52122F43000100C0D3C1 /* Build configuration list for PBXNativeTarget "CodexPhoneTests" */ = {
			isa = XCConfigurationList;
			buildConfigurations = (
				8F4E52102F43000100C0D3C1 /* Debug */,
				8F4E52112F43000100C0D3C1 /* Release */,
			);
			defaultConfigurationIsVisible = 0;
			defaultConfigurationName = Release;
		};
/* End XCConfigurationList section */

/* Begin XCRemoteSwiftPackageReference section */
		8F4E520F2F43000100C0D3C1 /* XCRemoteSwiftPackageReference "WebRTC" */ = {
			isa = XCRemoteSwiftPackageReference;
			repositoryURL = "https://github.com/stasel/WebRTC.git";
			requirement = {
				kind = exactVersion;
				version = 149.0.0;
			};
		};
/* End XCRemoteSwiftPackageReference section */

/* Begin XCSwiftPackageProductDependency section */
		8F4E52042F43000100C0D3C1 /* WebRTC */ = {
			isa = XCSwiftPackageProductDependency;
			package = 8F4E520F2F43000100C0D3C1 /* XCRemoteSwiftPackageReference "WebRTC" */;
			productName = WebRTC;
		};
/* End XCSwiftPackageProductDependency section */
	};
	rootObject = 8F4E50F82F41000100C0D3C1 /* Project object */;
}
